
Microsoft Visual Studio Solution File, Format Version 12.00
# Visual Studio Version 16
VisualStudioVersion = 16.0.29709.97
MinimumVisualStudioVersion = 10.0.40219.1
Project("{9A19103F-16F7-4668-BE54-9A1E7A4F7556}") = "Jeopardy", "Jeopardy\Jeopardy.csproj", "{4D812D45-F3D9-4193-AC5D-173D1F208975}"
EndProject
Project("{FAE04EC0-301F-11D3-BF4B-00C04F79EFBC}") = "JeopardyAPI", "JeopardyAPI\JeopardyAPI.csproj", "{F8A77313-A2E1-452F-B2BD-85221C9CB501}"
EndProject
Global
	GlobalSection(SolutionConfigurationPlatforms) = preSolution
		Debug|Any CPU = Debug|Any CPU
		Release|Any CPU = Release|Any CPU
	EndGlobalSection
	GlobalSection(ProjectConfigurationPlatforms) = postSolution
		{4D812D45-F3D9-4193-AC5D-173D1F208975}.Debug|Any CPU.ActiveCfg = Debug|Any CPU
		{4D812D45-F3D9-4193-AC5D-173D1F208975}.Debug|Any CPU.Build.0 = Debug|Any CPU
		{4D812D45-F3D9-4193-AC5D-173D1F208975}.Release|Any CPU.ActiveCfg = Release|Any CPU
		{4D812D45-F3D9-4193-AC5D-173D1F208975}.Release|Any CPU.Build.0 = Release|Any CPU
		{F8A77313-A2E1-452F-B2BD-85221C9CB501}.Debug|Any CPU.ActiveCfg = Debug|Any CPU
		{F8A77313-A2E1-452F-B2BD-85221C9CB501}.Debug|Any CPU.Build.0 = Debug|Any CPU
		{F8A77313-A2E1-452F-B2BD-85221C9CB501}.Release|Any CPU.ActiveCfg = Release|Any CPU
		{F8A77313-A2E1-452F-B2BD-85221C9CB501}.Release|Any CPU.Build.0 = Release|Any CPU
	EndGlobalSection
	GlobalSection(SolutionProperties) = preSolution
		HideSolutionNode = FALSE
	EndGlobalSection
	GlobalSection(ExtensibilityGlobals) = postSolution
		SolutionGuid = {1C0E0D9D-0F39-412F-9E16-E628856A72C9}
	EndGlobalSection
EndGlobal
